// !$*UTF8*$!
{
	archiveVersion = 1;
	classes = {
	};
	objectVersion = 55;
	objects = {

/* Begin PBXBuildFile section */
		84536CD427B23300003C12F7 /* RecipeTabView.swift in Sources */ = {isa = PBXBuildFile; fileRef = 84536CD327B23300003C12F7 /* RecipeTabView.swift */; };
		846396BC27CF22FE00A02E73 /* RecipeDataModel.xcdatamodeld in Sources */ = {isa = PBXBuildFile; fileRef = 846396BA27CF22FE00A02E73 /* RecipeDataModel.xcdatamodeld */; };
		846396C327CF25C300A02E73 /* Ingredient+CoreDataClass.swift in Sources */ = {isa = PBXBuildFile; fileRef = 846396BF27CF25C300A02E73 /* Ingredient+CoreDataClass.swift */; };
		846396C427CF25C300A02E73 /* Ingredient+CoreDataProperties.swift in Sources */ = {isa = PBXBuildFile; fileRef = 846396C027CF25C300A02E73 /* Ingredient+CoreDataProperties.swift */; };
		846396EA27CF2A7200A02E73 /* Persistence.swift in Sources */ = {isa = PBXBuildFile; fileRef = 846396E927CF2A7200A02E73 /* Persistence.swift */; };
		846396EC27CF2FB300A02E73 /* Constants.swift in Sources */ = {isa = PBXBuildFile; fileRef = 846396EB27CF2FB300A02E73 /* Constants.swift */; };
		846D189827AA40CB00E63FBE /* RecipeDetailView.swift in Sources */ = {isa = PBXBuildFile; fileRef = 846D189727AA40CB00E63FBE /* RecipeDetailView.swift */; };
		84708C9627B9D31C00BF1B22 /* RecipeFeaturedView.swift in Sources */ = {isa = PBXBuildFile; fileRef = 84708C9527B9D31C00BF1B22 /* RecipeFeaturedView.swift */; };
		84AA6FA327A7AFD7003F2047 /* RecipeListApp.swift in Sources */ = {isa = PBXBuildFile; fileRef = 84AA6FA227A7AFD7003F2047 /* RecipeListApp.swift */; };
		84AA6FA527A7AFD7003F2047 /* ContentView.swift in Sources */ = {isa = PBXBuildFile; fileRef = 84AA6FA427A7AFD7003F2047 /* ContentView.swift */; };
		84AA6FA727A7AFD8003F2047 /* Assets.xcassets in Resources */ = {isa = PBXBuildFile; fileRef = 84AA6FA627A7AFD8003F2047 /* Assets.xcassets */; };
		84AA6FAA27A7AFD8003F2047 /* Preview Assets.xcassets in Resources */ = {isa = PBXBuildFile; fileRef = 84AA6FA927A7AFD8003F2047 /* Preview Assets.xcassets */; };
		84AA6FB527A7B00E003F2047 /* Recipe.swift in Sources */ = {isa = PBXBuildFile; fileRef = 84AA6FB427A7B00E003F2047 /* Recipe.swift */; };
		84AA6FB727A7B024003F2047 /* RecipeModel.swift in Sources */ = {isa = PBXBuildFile; fileRef = 84AA6FB627A7B024003F2047 /* RecipeModel.swift */; };
		84AA6FBA27A7B09B003F2047 /* DataService.swift in Sources */ = {isa = PBXBuildFile; fileRef = 84AA6FB927A7B09B003F2047 /* DataService.swift */; };
		84AA6FBD27A7B0C2003F2047 /* recipes.json in Resources */ = {isa = PBXBuildFile; fileRef = 84AA6FBC27A7B0C2003F2047 /* recipes.json */; };
		84AEB22C27C35C7000DD9918 /* Rational.swift in Sources */ = {isa = PBXBuildFile; fileRef = 84AEB22B27C35C7000DD9918 /* Rational.swift */; };
		84FA05CD27C73E72003A0FCE /* RecipeHighlightsView.swift in Sources */ = {isa = PBXBuildFile; fileRef = 84FA05CC27C73E72003A0FCE /* RecipeHighlightsView.swift */; };
		84FA05D927C74660003A0FCE /* Lato-Regular.ttf in Resources */ = {isa = PBXBuildFile; fileRef = 84FA05CF27C74660003A0FCE /* Lato-Regular.ttf */; };
		84FA05DA27C74660003A0FCE /* Lato-Bold.ttf in Resources */ = {isa = PBXBuildFile; fileRef = 84FA05D027C74660003A0FCE /* Lato-Bold.ttf */; };
		84FA05DB27C74660003A0FCE /* Lato-BlackItalic.ttf in Resources */ = {isa = PBXBuildFile; fileRef = 84FA05D127C74660003A0FCE /* Lato-BlackItalic.ttf */; };
		84FA05DC27C74660003A0FCE /* Lato-Black.ttf in Resources */ = {isa = PBXBuildFile; fileRef = 84FA05D227C74660003A0FCE /* Lato-Black.ttf */; };
		84FA05DD27C74660003A0FCE /* Lato-Italic.ttf in Resources */ = {isa = PBXBuildFile; fileRef = 84FA05D327C74660003A0FCE /* Lato-Italic.ttf */; };
		84FA05DE27C74660003A0FCE /* Lato-LightItalic.ttf in Resources */ = {isa = PBXBuildFile; fileRef = 84FA05D427C74660003A0FCE /* Lato-LightItalic.ttf */; };
		84FA05DF27C74660003A0FCE /* Lato-BoldItalic.ttf in Resources */ = {isa = PBXBuildFile; fileRef = 84FA05D527C74660003A0FCE /* Lato-BoldItalic.ttf */; };
		84FA05E027C74660003A0FCE /* Lato-ThinItalic.ttf in Resources */ = {isa = PBXBuildFile; fileRef = 84FA05D627C74660003A0FCE /* Lato-ThinItalic.ttf */; };
		84FA05E127C74660003A0FCE /* Lato-Thin.ttf in Resources */ = {isa = PBXBuildFile; fileRef = 84FA05D727C74660003A0FCE /* Lato-Thin.ttf */; };
		84FA05E227C74660003A0FCE /* Lato-Light.ttf in Resources */ = {isa = PBXBuildFile; fileRef = 84FA05D827C74660003A0FCE /* Lato-Light.ttf */; };
		84FA05E727C748E5003A0FCE /* AppFonts.swift in Sources */ = {isa = PBXBuildFile; fileRef = 84FA05E627C748E5003A0FCE /* AppFonts.swift */; };
		84FC7F9827D076D600505CC2 /* Recipe+CoreDataClass.swift in Sources */ = {isa = PBXBuildFile; fileRef = 84FC7F9627D076D600505CC2 /* Recipe+CoreDataClass.swift */; };
		84FC7F9927D076D600505CC2 /* Recipe+CoreDataProperties.swift in Sources */ = {isa = PBXBuildFile; fileRef = 84FC7F9727D076D600505CC2 /* Recipe+CoreDataProperties.swift */; };
		84FC7F9B27D0849200505CC2 /* SearchBarView.swift in Sources */ = {isa = PBXBuildFile; fileRef = 84FC7F9A27D0849200505CC2 /* SearchBarView.swift */; };
/* End PBXBuildFile section */

/* Begin PBXFileReference section */
		84536CD327B23300003C12F7 /* RecipeTabView.swift */ = {isa = PBXFileReference; lastKnownFileType = sourcecode.swift; path = RecipeTabView.swift; sourceTree = "<group>"; };
		846396BB27CF22FE00A02E73 /* RecipeDataModel.xcdatamodel */ = {isa = PBXFileReference; lastKnownFileType = wrapper.xcdatamodel; path = RecipeDataModel.xcdatamodel; sourceTree = "<group>"; };
		846396BF27CF25C300A02E73 /* Ingredient+CoreDataClass.swift */ = {isa = PBXFileReference; lastKnownFileType = sourcecode.swift; path = "Ingredient+CoreDataClass.swift"; sourceTree = "<group>"; };
		846396C027CF25C300A02E73 /* Ingredient+CoreDataProperties.swift */ = {isa = PBXFileReference; lastKnownFileType = sourcecode.swift; path = "Ingredient+CoreDataProperties.swift"; sourceTree = "<group>"; };
		846396E927CF2A7200A02E73 /* Persistence.swift */ = {isa = PBXFileReference; lastKnownFileType = sourcecode.swift; path = Persistence.swift; sourceTree = "<group>"; };
		846396EB27CF2FB300A02E73 /* Constants.swift */ = {isa = PBXFileReference; lastKnownFileType = sourcecode.swift; path = Constants.swift; sourceTree = "<group>"; };
		846D189727AA40CB00E63FBE /* RecipeDetailView.swift */ = {isa = PBXFileReference; lastKnownFileType = sourcecode.swift; path = RecipeDetailView.swift; sourceTree = "<group>"; };
		84708C9527B9D31C00BF1B22 /* RecipeFeaturedView.swift */ = {isa = PBXFileReference; lastKnownFileType = sourcecode.swift; path = RecipeFeaturedView.swift; sourceTree = "<group>"; };
		84AA6F9F27A7AFD7003F2047 /* RecipeListApp.app */ = {isa = PBXFileReference; explicitFileType = wrapper.application; includeInIndex = 0; path = RecipeListApp.app; sourceTree = BUILT_PRODUCTS_DIR; };
		84AA6FA227A7AFD7003F2047 /* RecipeListApp.swift */ = {isa = PBXFileReference; lastKnownFileType = sourcecode.swift; path = RecipeListApp.swift; sourceTree = "<group>"; };
		84AA6FA427A7AFD7003F2047 /* ContentView.swift */ = {isa = PBXFileReference; lastKnownFileType = sourcecode.swift; path = ContentView.swift; sourceTree = "<group>"; };
		84AA6FA627A7AFD8003F2047 /* Assets.xcassets */ = {isa = PBXFileReference; lastKnownFileType = folder.assetcatalog; path = Assets.xcassets; sourceTree = "<group>"; };
		84AA6FA927A7AFD8003F2047 /* Preview Assets.xcassets */ = {isa = PBXFileReference; lastKnownFileType = folder.assetcatalog; path = "Preview Assets.xcassets"; sourceTree = "<group>"; };
		84AA6FB427A7B00E003F2047 /* Recipe.swift */ = {isa = PBXFileReference; lastKnownFileType = sourcecode.swift; path = Recipe.swift; sourceTree = "<group>"; };
		84AA6FB627A7B024003F2047 /* RecipeModel.swift */ = {isa = PBXFileReference; lastKnownFileType = sourcecode.swift; path = RecipeModel.swift; sourceTree = "<group>"; };
		84AA6FB927A7B09B003F2047 /* DataService.swift */ = {isa = PBXFileReference; lastKnownFileType = sourcecode.swift; path = DataService.swift; sourceTree = "<group>"; };
		84AA6FBC27A7B0C2003F2047 /* recipes.json */ = {isa = PBXFileReference; fileEncoding = 4; lastKnownFileType = text.json; path = recipes.json; sourceTree = "<group>"; };
		84AEB22B27C35C7000DD9918 /* Rational.swift */ = {isa = PBXFileReference; fileEncoding = 4; lastKnownFileType = sourcecode.swift; path = Rational.swift; sourceTree = "<group>"; };
		84FA05CC27C73E72003A0FCE /* RecipeHighlightsView.swift */ = {isa = PBXFileReference; lastKnownFileType = sourcecode.swift; path = RecipeHighlightsView.swift; sourceTree = "<group>"; };
		84FA05CF27C74660003A0FCE /* Lato-Regular.ttf */ = {isa = PBXFileReference; lastKnownFileType = file; path = "Lato-Regular.ttf"; sourceTree = "<group>"; };
		84FA05D027C74660003A0FCE /* Lato-Bold.ttf */ = {isa = PBXFileReference; lastKnownFileType = file; path = "Lato-Bold.ttf"; sourceTree = "<group>"; };
		84FA05D127C74660003A0FCE /* Lato-BlackItalic.ttf */ = {isa = PBXFileReference; lastKnownFileType = file; path = "Lato-BlackItalic.ttf"; sourceTree = "<group>"; };
		84FA05D227C74660003A0FCE /* Lato-Black.ttf */ = {isa = PBXFileReference; lastKnownFileType = file; path = "Lato-Black.ttf"; sourceTree = "<group>"; };
		84FA05D327C74660003A0FCE /* Lato-Italic.ttf */ = {isa = PBXFileReference; lastKnownFileType = file; path = "Lato-Italic.ttf"; sourceTree = "<group>"; };
		84FA05D427C74660003A0FCE /* Lato-LightItalic.ttf */ = {isa = PBXFileReference; lastKnownFileType = file; path = "Lato-LightItalic.ttf"; sourceTree = "<group>"; };
		84FA05D527C74660003A0FCE /* Lato-BoldItalic.ttf */ = {isa = PBXFileReference; lastKnownFileType = file; path = "Lato-BoldItalic.ttf"; sourceTree = "<group>"; };
		84FA05D627C74660003A0FCE /* Lato-ThinItalic.ttf */ = {isa = PBXFileReference; lastKnownFileType = file; path = "Lato-ThinItalic.ttf"; sourceTree = "<group>"; };
		84FA05D727C74660003A0FCE /* Lato-Thin.ttf */ = {isa = PBXFileReference; lastKnownFileType = file; path = "Lato-Thin.ttf"; sourceTree = "<group>"; };
		84FA05D827C74660003A0FCE /* Lato-Light.ttf */ = {isa = PBXFileReference; lastKnownFileType = file; path = "Lato-Light.ttf"; sourceTree = "<group>"; };
		84FA05E327C746BA003A0FCE /* Info.plist */ = {isa = PBXFileReference; lastKnownFileType = text.plist; path = Info.plist; sourceTree = "<group>"; };
		84FA05E627C748E5003A0FCE /* AppFonts.swift */ = {isa = PBXFileReference; lastKnownFileType = sourcecode.swift; path = AppFonts.swift; sourceTree = "<group>"; };
		84FC7F9627D076D600505CC2 /* Recipe+CoreDataClass.swift */ = {isa = PBXFileReference; lastKnownFileType = sourcecode.swift; path = "Recipe+CoreDataClass.swift"; sourceTree = "<group>"; };
		84FC7F9727D076D600505CC2 /* Recipe+CoreDataProperties.swift */ = {isa = PBXFileReference; lastKnownFileType = sourcecode.swift; path = "Recipe+CoreDataProperties.swift"; sourceTree = "<group>"; };
		84FC7F9A27D0849200505CC2 /* SearchBarView.swift */ = {isa = PBXFileReference; lastKnownFileType = sourcecode.swift; path = SearchBarView.swift; sourceTree = "<group>"; };
/* End PBXFileReference section */

/* Begin PBXFrameworksBuildPhase section */
		84AA6F9C27A7AFD7003F2047 /* Frameworks */ = {
			isa = PBXFrameworksBuildPhase;
			buildActionMask = 2147483647;
			files = (
			);
			runOnlyForDeploymentPostprocessing = 0;
		};
/* End PBXFrameworksBuildPhase section */

/* Begin PBXGroup section */
		84AA6F9627A7AFD7003F2047 = {
			isa = PBXGroup;
			children = (
				84AA6FA127A7AFD7003F2047 /* RecipeListApp */,
				84AA6FA027A7AFD7003F2047 /* Products */,
			);
			sourceTree = "<group>";
		};
		84AA6FA027A7AFD7003F2047 /* Products */ = {
			isa = PBXGroup;
			children = (
				84AA6F9F27A7AFD7003F2047 /* RecipeListApp.app */,
			);
			name = Products;
			sourceTree = "<group>";
		};
		84AA6FA127A7AFD7003F2047 /* RecipeListApp */ = {
			isa = PBXGroup;
			children = (
				84FA05E327C746BA003A0FCE /* Info.plist */,
				84AA6FA227A7AFD7003F2047 /* RecipeListApp.swift */,
				84AA6FA627A7AFD8003F2047 /* Assets.xcassets */,
				84AA6FBB27A7B0B8003F2047 /* Data */,
				84FA05CE27C74635003A0FCE /* Fonts */,
				84AA6FB227A7AFF2003F2047 /* Models */,
				84AA6FA827A7AFD8003F2047 /* Preview Content */,
				84AA6FB327A7AFF7003F2047 /* Services */,
				84AEB22A27C35C3D00DD9918 /* Utilities */,
				84AA6FB127A7AFEB003F2047 /* ViewModels */,
				84AA6FB027A7AFE0003F2047 /* Views */,
			);
			path = RecipeListApp;
			sourceTree = "<group>";
		};
		84AA6FA827A7AFD8003F2047 /* Preview Content */ = {
			isa = PBXGroup;
			children = (
				84AA6FA927A7AFD8003F2047 /* Preview Assets.xcassets */,
			);
			path = "Preview Content";
			sourceTree = "<group>";
		};
		84AA6FB027A7AFE0003F2047 /* Views */ = {
			isa = PBXGroup;
			children = (
				84AA6FA427A7AFD7003F2047 /* ContentView.swift */,
				84FC7F9A27D0849200505CC2 /* SearchBarView.swift */,
				846D189727AA40CB00E63FBE /* RecipeDetailView.swift */,
				84536CD327B23300003C12F7 /* RecipeTabView.swift */,
				84708C9527B9D31C00BF1B22 /* RecipeFeaturedView.swift */,
				84FA05CC27C73E72003A0FCE /* RecipeHighlightsView.swift */,
			);
			path = Views;
			sourceTree = "<group>";
		};
		84AA6FB127A7AFEB003F2047 /* ViewModels */ = {
			isa = PBXGroup;
			children = (
				84AA6FB627A7B024003F2047 /* RecipeModel.swift */,
			);
			path = ViewModels;
			sourceTree = "<group>";
		};
		84AA6FB227A7AFF2003F2047 /* Models */ = {
			isa = PBXGroup;
			children = (
				84AA6FB427A7B00E003F2047 /* Recipe.swift */,
			);
			path = Models;
			sourceTree = "<group>";
		};
		84AA6FB327A7AFF7003F2047 /* Services */ = {
			isa = PBXGroup;
			children = (
				84AA6FB927A7B09B003F2047 /* DataService.swift */,
			);
			path = Services;
			sourceTree = "<group>";
		};
		84AA6FBB27A7B0B8003F2047 /* Data */ = {
			isa = PBXGroup;
			children = (
				84FC7F9627D076D600505CC2 /* Recipe+CoreDataClass.swift */,
				84FC7F9727D076D600505CC2 /* Recipe+CoreDataProperties.swift */,
				846396BF27CF25C300A02E73 /* Ingredient+CoreDataClass.swift */,
				846396C027CF25C300A02E73 /* Ingredient+CoreDataProperties.swift */,
				84AA6FBC27A7B0C2003F2047 /* recipes.json */,
				846396BA27CF22FE00A02E73 /* RecipeDataModel.xcdatamodeld */,
				846396E927CF2A7200A02E73 /* Persistence.swift */,
			);
			path = Data;
			sourceTree = "<group>";
		};
		84AEB22A27C35C3D00DD9918 /* Utilities */ = {
			isa = PBXGroup;
			children = (
				84AEB22B27C35C7000DD9918 /* Rational.swift */,
				846396EB27CF2FB300A02E73 /* Constants.swift */,
			);
			path = Utilities;
			sourceTree = "<group>";
		};
		84FA05CE27C74635003A0FCE /* Fonts */ = {
			isa = PBXGroup;
			children = (
				84FA05D227C74660003A0FCE /* Lato-Black.ttf */,
				84FA05D127C74660003A0FCE /* Lato-BlackItalic.ttf */,
				84FA05D027C74660003A0FCE /* Lato-Bold.ttf */,
				84FA05D527C74660003A0FCE /* Lato-BoldItalic.ttf */,
				84FA05D327C74660003A0FCE /* Lato-Italic.ttf */,
				84FA05D827C74660003A0FCE /* Lato-Light.ttf */,
				84FA05D427C74660003A0FCE /* Lato-LightItalic.ttf */,
				84FA05CF27C74660003A0FCE /* Lato-Regular.ttf */,
				84FA05D727C74660003A0FCE /* Lato-Thin.ttf */,
				84FA05D627C74660003A0FCE /* Lato-ThinItalic.ttf */,
				84FA05E627C748E5003A0FCE /* AppFonts.swift */,
			);
			path = Fonts;
			sourceTree = "<group>";
		};
/* End PBXGroup section */

/* Begin PBXNativeTarget section */
		84AA6F9E27A7AFD7003F2047 /* RecipeListApp */ = {
			isa = PBXNativeTarget;
			buildConfigurationList = 84AA6FAD27A7AFD8003F2047 /* Build configuration list for PBXNativeTarget "RecipeListApp" */;
			buildPhases = (
				84AA6F9B27A7AFD7003F2047 /* Sources */,
				84AA6F9C27A7AFD7003F2047 /* Frameworks */,
				84AA6F9D27A7AFD7003F2047 /* Resources */,
			);
			buildRules = (
			);
			dependencies = (
			);
			name = RecipeListApp;
			productName = RecipeListApp;
			productReference = 84AA6F9F27A7AFD7003F2047 /* RecipeListApp.app */;
			productType = "com.apple.product-type.application";
		};
/* End PBXNativeTarget section */

/* Begin PBXProject section */
		84AA6F9727A7AFD7003F2047 /* Project object */ = {
			isa = PBXProject;
			attributes = {
				BuildIndependentTargetsInParallel = 1;
				LastSwiftUpdateCheck = 1320;
				LastUpgradeCheck = 1320;
				TargetAttributes = {
					84AA6F9E27A7AFD7003F2047 = {
						CreatedOnToolsVersion = 13.2.1;
					};
				};
			};
			buildConfigurationList = 84AA6F9A27A7AFD7003F2047 /* Build configuration list for PBXProject "RecipeListApp" */;
			compatibilityVersion = "Xcode 13.0";
			developmentRegion = en;
			hasScannedForEncodings = 0;
			knownRegions = (
				en,
				Base,
			);
			mainGroup = 84AA6F9627A7AFD7003F2047;
			productRefGroup = 84AA6FA027A7AFD7003F2047 /* Products */;
			projectDirPath = "";
			projectRoot = "";
			targets = (
				84AA6F9E27A7AFD7003F2047 /* RecipeListApp */,
			);
		};
/* End PBXProject section */

/* Begin PBXResourcesBuildPhase section */
		84AA6F9D27A7AFD7003F2047 /* Resources */ = {
			isa = PBXResourcesBuildPhase;
			buildActionMask = 2147483647;
			files = (
				84FA05DC27C74660003A0FCE /* Lato-Black.ttf in Resources */,
				84FA05E227C74660003A0FCE /* Lato-Light.ttf in Resources */,
				84FA05E127C74660003A0FCE /* Lato-Thin.ttf in Resources */,
				84AA6FAA27A7AFD8003F2047 /* Preview Assets.xcassets in Resources */,
				84FA05DA27C74660003A0FCE /* Lato-Bold.ttf in Resources */,
				84FA05DB27C74660003A0FCE /* Lato-BlackItalic.ttf in Resources */,
				84AA6FBD27A7B0C2003F2047 /* recipes.json in Resources */,
				84AA6FA727A7AFD8003F2047 /* Assets.xcassets in Resources */,
				84FA05DD27C74660003A0FCE /* Lato-Italic.ttf in Resources */,
				84FA05E027C74660003A0FCE /* Lato-ThinItalic.ttf in Resources */,
				84FA05DE27C74660003A0FCE /* Lato-LightItalic.ttf in Resources */,
				84FA05D927C74660003A0FCE /* Lato-Regular.ttf in Resources */,
				84FA05DF27C74660003A0FCE /* Lato-BoldItalic.ttf in Resources */,
			);
			runOnlyForDeploymentPostprocessing = 0;
		};
/* End PBXResourcesBuildPhase section */

/* Begin PBXSourcesBuildPhase section */
		84AA6F9B27A7AFD7003F2047 /* Sources */ = {
			isa = PBXSourcesBuildPhase;
			buildActionMask = 2147483647;
			files = (
				84AA6FB527A7B00E003F2047 /* Recipe.swift in Sources */,
				846396EA27CF2A7200A02E73 /* Persistence.swift in Sources */,
				846396C427CF25C300A02E73 /* Ingredient+CoreDataProperties.swift in Sources */,
				84FC7F9927D076D600505CC2 /* Recipe+CoreDataProperties.swift in Sources */,
				846D189827AA40CB00E63FBE /* RecipeDetailView.swift in Sources */,
				84AEB22C27C35C7000DD9918 /* Rational.swift in Sources */,
				846396BC27CF22FE00A02E73 /* RecipeDataModel.xcdatamodeld in Sources */,
				84AA6FB727A7B024003F2047 /* RecipeModel.swift in Sources */,
				84AA6FA527A7AFD7003F2047 /* ContentView.swift in Sources */,
				84FA05E727C748E5003A0FCE /* AppFonts.swift in Sources */,
				84FA05CD27C73E72003A0FCE /* RecipeHighlightsView.swift in Sources */,
				84AA6FA327A7AFD7003F2047 /* RecipeListApp.swift in Sources */,
				84FC7F9B27D0849200505CC2 /* SearchBarView.swift in Sources */,
				84AA6FBA27A7B09B003F2047 /* DataService.swift in Sources */,
				84708C9627B9D31C00BF1B22 /* RecipeFeaturedView.swift in Sources */,
				846396C327CF25C300A02E73 /* Ingredient+CoreDataClass.swift in Sources */,
				84FC7F9827D076D600505CC2 /* Recipe+CoreDataClass.swift in Sources */,
				84536CD427B23300003C12F7 /* RecipeTabView.swift in Sources */,
				846396EC27CF2FB300A02E73 /* Constants.swift in Sources */,
			);
			runOnlyForDeploymentPostprocessing = 0;
		};
/* End PBXSourcesBuildPhase section */

/* Begin XCBuildConfiguration section */
		84AA6FAB27A7AFD8003F2047 /* Debug */ = {
			isa = XCBuildConfiguration;
			buildSettings = {
				ALWAYS_SEARCH_USER_PATHS = NO;
				CLANG_ANALYZER_NONNULL = YES;
				CLANG_ANALYZER_NUMBER_OBJECT_CONVERSION = YES_AGGRESSIVE;
				CLANG_CXX_LANGUAGE_STANDARD = "gnu++17";
				CLANG_CXX_LIBRARY = "libc++";
				CLANG_ENABLE_MODULES = YES;
				CLANG_ENABLE_OBJC_ARC = YES;
				CLANG_ENABLE_OBJC_WEAK = YES;
				CLANG_WARN_BLOCK_CAPTURE_AUTORELEASING = YES;
				CLANG_WARN_BOOL_CONVERSION = YES;
				CLANG_WARN_COMMA = YES;
				CLANG_WARN_CONSTANT_CONVERSION = YES;
				CLANG_WARN_DEPRECATED_OBJC_IMPLEMENTATIONS = YES;
				CLANG_WARN_DIRECT_OBJC_ISA_USAGE = YES_ERROR;
				CLANG_WARN_DOCUMENTATION_COMMENTS = YES;
				CLANG_WARN_EMPTY_BODY = YES;
				CLANG_WARN_ENUM_CONVERSION = YES;
				CLANG_WARN_INFINITE_RECURSION = YES;
				CLANG_WARN_INT_CONVERSION = YES;
				CLANG_WARN_NON_LITERAL_NULL_CONVERSION = YES;
				CLANG_WARN_OBJC_IMPLICIT_RETAIN_SELF = YES;
				CLANG_WARN_OBJC_LITERAL_CONVERSION = YES;
				CLANG_WARN_OBJC_ROOT_CLASS = YES_ERROR;
				CLANG_WARN_QUOTED_INCLUDE_IN_FRAMEWORK_HEADER = YES;
				CLANG_WARN_RANGE_LOOP_ANALYSIS = YES;
				CLANG_WARN_STRICT_PROTOTYPES = YES;
				CLANG_WARN_SUSPICIOUS_MOVE = YES;
				CLANG_WARN_UNGUARDED_AVAILABILITY = YES_AGGRESSIVE;
				CLANG_WARN_UNREACHABLE_CODE = YES;
				CLANG_WARN__DUPLICATE_METHOD_MATCH = YES;
				COPY_PHASE_STRIP = NO;
				DEBUG_INFORMATION_FORMAT = dwarf;
				ENABLE_STRICT_OBJC_MSGSEND = YES;
				ENABLE_TESTABILITY = YES;
				GCC_C_LANGUAGE_STANDARD = gnu11;
				GCC_DYNAMIC_NO_PIC = NO;
				GCC_NO_COMMON_BLOCKS = YES;
				GCC_OPTIMIZATION_LEVEL = 0;
				GCC_PREPROCESSOR_DEFINITIONS = (
					"DEBUG=1",
					"$(inherited)",
				);
				GCC_WARN_64_TO_32_BIT_CONVERSION = YES;
				GCC_WARN_ABOUT_RETURN_TYPE = YES_ERROR;
				GCC_WARN_UNDECLARED_SELECTOR = YES;
				GCC_WARN_UNINITIALIZED_AUTOS = YES_AGGRESSIVE;
				GCC_WARN_UNUSED_FUNCTION = YES;
				GCC_WARN_UNUSED_VARIABLE = YES;
				IPHONEOS_DEPLOYMENT_TARGET = 15.2;
				MTL_ENABLE_DEBUG_INFO = INCLUDE_SOURCE;
				MTL_FAST_MATH = YES;
				ONLY_ACTIVE_ARCH = YES;
				SDKROOT = iphoneos;
				SWIFT_ACTIVE_COMPILATION_CONDITIONS = DEBUG;
				SWIFT_OPTIMIZATION_LEVEL = "-Onone";
			};
			name = Debug;
		};
		84AA6FAC27A7AFD8003F2047 /* Release */ = {
			isa = XCBuildConfiguration;
			buildSettings = {
				ALWAYS_SEARCH_USER_PATHS = NO;
				CLANG_ANALYZER_NONNULL = YES;
				CLANG_ANALYZER_NUMBER_OBJECT_CONVERSION = YES_AGGRESSIVE;
				CLANG_CXX_LANGUAGE_STANDARD = "gnu++17";
				CLANG_CXX_LIBRARY = "libc++";
				CLANG_ENABLE_MODULES = YES;
				CLANG_ENABLE_OBJC_ARC = YES;
				CLANG_ENABLE_OBJC_WEAK = YES;
				CLANG_WARN_BLOCK_CAPTURE_AUTORELEASING = YES;
				CLANG_WARN_BOOL_CONVERSION = YES;
				CLANG_WARN_COMMA = YES;
				CLANG_WARN_CONSTANT_CONVERSION = YES;
				CLANG_WARN_DEPRECATED_OBJC_IMPLEMENTATIONS = YES;
				CLANG_WARN_DIRECT_OBJC_ISA_USAGE = YES_ERROR;
				CLANG_WARN_DOCUMENTATION_COMMENTS = YES;
				CLANG_WARN_EMPTY_BODY = YES;
				CLANG_WARN_ENUM_CONVERSION = YES;
				CLANG_WARN_INFINITE_RECURSION = YES;
				CLANG_WARN_INT_CONVERSION = YES;
				CLANG_WARN_NON_LITERAL_NULL_CONVERSION = YES;
				CLANG_WARN_OBJC_IMPLICIT_RETAIN_SELF = YES;
				CLANG_WARN_OBJC_LITERAL_CONVERSION = YES;
				CLANG_WARN_OBJC_ROOT_CLASS = YES_ERROR;
				CLANG_WARN_QUOTED_INCLUDE_IN_FRAMEWORK_HEADER = YES;
				CLANG_WARN_RANGE_LOOP_ANALYSIS = YES;
				CLANG_WARN_STRICT_PROTOTYPES = YES;
				CLANG_WARN_SUSPICIOUS_MOVE = YES;
				CLANG_WARN_UNGUARDED_AVAILABILITY = YES_AGGRESSIVE;
				CLANG_WARN_UNREACHABLE_CODE = YES;
				CLANG_WARN__DUPLICATE_METHOD_MATCH = YES;
				COPY_PHASE_STRIP = NO;
				DEBUG_INFORMATION_FORMAT = "dwarf-with-dsym";
				ENABLE_NS_ASSERTIONS = NO;
				ENABLE_STRICT_OBJC_MSGSEND = YES;
				GCC_C_LANGUAGE_STANDARD = gnu11;
				GCC_NO_COMMON_BLOCKS = YES;
				GCC_WARN_64_TO_32_BIT_CONVERSION = YES;
				GCC_WARN_ABOUT_RETURN_TYPE = YES_ERROR;
				GCC_WARN_UNDECLARED_SELECTOR = YES;
				GCC_WARN_UNINITIALIZED_AUTOS = YES_AGGRESSIVE;
				GCC_WARN_UNUSED_FUNCTION = YES;
				GCC_WARN_UNUSED_VARIABLE = YES;
				IPHONEOS_DEPLOYMENT_TARGET = 15.2;
				MTL_ENABLE_DEBUG_INFO = NO;
				MTL_FAST_MATH = YES;
				SDKROOT = iphoneos;
				SWIFT_COMPILATION_MODE = wholemodule;
				SWIFT_OPTIMIZATION_LEVEL = "-O";
				VALIDATE_PRODUCT = YES;
			};
			name = Release;
		};
		84AA6FAE27A7AFD8003F2047 /* Debug */ = {
			isa = XCBuildConfiguration;
			buildSettings = {
				ASSETCATALOG_COMPILER_APPICON_NAME = AppIcon;
				ASSETCATALOG_COMPILER_GLOBAL_ACCENT_COLOR_NAME = AccentColor;
				ASSETCATALOG_COMPILER_INCLUDE_ALL_APPICON_ASSETS = NO;
				CODE_SIGN_STYLE = Automatic;
				CURRENT_PROJECT_VERSION = 1;
				DEVELOPMENT_ASSET_PATHS = "\"RecipeListApp/Preview Content\"";
				ENABLE_PREVIEWS = YES;
				GENERATE_INFOPLIST_FILE = YES;
				INFOPLIST_FILE = RecipeListApp/Info.plist;
				INFOPLIST_KEY_UIApplicationSceneManifest_Generation = YES;
				INFOPLIST_KEY_UIApplicationSupportsIndirectInputEvents = YES;
				INFOPLIST_KEY_UILaunchScreen_Generation = YES;
				INFOPLIST_KEY_UISupportedInterfaceOrientations_iPad = "UIInterfaceOrientationPortrait UIInterfaceOrientationPortraitUpsideDown UIInterfaceOrientationLandscapeLeft UIInterfaceOrientationLandscapeRight";
				INFOPLIST_KEY_UISupportedInterfaceOrientations_iPhone = "UIInterfaceOrientationPortrait UIInterfaceOrientationLandscapeLeft UIInterfaceOrientationLandscapeRight";
				LD_RUNPATH_SEARCH_PATHS = (
					"$(inherited)",
					"@executable_path/Frameworks",
				);
				MARKETING_VERSION = 1.0;
				PRODUCT_BUNDLE_IDENTIFIER = training.franklin.RecipeListApp;
				PRODUCT_NAME = "$(TARGET_NAME)";
				SWIFT_EMIT_LOC_STRINGS = YES;
				SWIFT_VERSION = 5.0;
				TARGETED_DEVICE_FAMILY = "1,2";
			};
			name = Debug;
		};
		84AA6FAF27A7AFD8003F2047 /* Release */ = {
			isa = XCBuildConfiguration;
			buildSettings = {
				ASSETCATALOG_COMPILER_APPICON_NAME = AppIcon;
				ASSETCATALOG_COMPILER_GLOBAL_ACCENT_COLOR_NAME = AccentColor;
				ASSETCATALOG_COMPILER_INCLUDE_ALL_APPICON_ASSETS = NO;
				CODE_SIGN_STYLE = Automatic;
				CURRENT_PROJECT_VERSION = 1;
				DEVELOPMENT_ASSET_PATHS = "\"RecipeListApp/Preview Content\"";
				ENABLE_PREVIEWS = YES;
				GENERATE_INFOPLIST_FILE = YES;
				INFOPLIST_FILE = RecipeListApp/Info.plist;
				INFOPLIST_KEY_UIApplicationSceneManifest_Generation = YES;
				INFOPLIST_KEY_UIApplicationSupportsIndirectInputEvents = YES;
				INFOPLIST_KEY_UILaunchScreen_Generation = YES;
				INFOPLIST_KEY_UISupportedInterfaceOrientations_iPad = "UIInterfaceOrientationPortrait UIInterfaceOrientationPortraitUpsideDown UIInterfaceOrientationLandscapeLeft UIInterfaceOrientationLandscapeRight";
				INFOPLIST_KEY_UISupportedInterfaceOrientations_iPhone = "UIInterfaceOrientationPortrait UIInterfaceOrientationLandscapeLeft UIInterfaceOrientationLandscapeRight";
				LD_RUNPATH_SEARCH_PATHS = (
					"$(inherited)",
					"@executable_path/Frameworks",
				);
				MARKETING_VERSION = 1.0;
				PRODUCT_BUNDLE_IDENTIFIER = training.franklin.RecipeListApp;
				PRODUCT_NAME = "$(TARGET_NAME)";
				SWIFT_EMIT_LOC_STRINGS = YES;
				SWIFT_VERSION = 5.0;
				TARGETED_DEVICE_FAMILY = "1,2";
			};
			name = Release;
		};
/* End XCBuildConfiguration section */

/* Begin XCConfigurationList section */
		84AA6F9A27A7AFD7003F2047 /* Build configuration list for PBXProject "RecipeListApp" */ = {
			isa = XCConfigurationList;
			buildConfigurations = (
				84AA6FAB27A7AFD8003F2047 /* Debug */,
				84AA6FAC27A7AFD8003F2047 /* Release */,
			);
			defaultConfigurationIsVisible = 0;
			defaultConfigurationName = Release;
		};
		84AA6FAD27A7AFD8003F2047 /* Build configuration list for PBXNativeTarget "RecipeListApp" */ = {
			isa = XCConfigurationList;
			buildConfigurations = (
				84AA6FAE27A7AFD8003F2047 /* Debug */,
				84AA6FAF27A7AFD8003F2047 /* Release */,
			);
			defaultConfigurationIsVisible = 0;
			defaultConfigurationName = Release;
		};
/* End XCConfigurationList section */

/* Begin XCVersionGroup section */
		846396BA27CF22FE00A02E73 /* RecipeDataModel.xcdatamodeld */ = {
			isa = XCVersionGroup;
			children = (
				846396BB27CF22FE00A02E73 /* RecipeDataModel.xcdatamodel */,
			);
			currentVersion = 846396BB27CF22FE00A02E73 /* RecipeDataModel.xcdatamodel */;
			path = RecipeDataModel.xcdatamodeld;
			sourceTree = "<group>";
			versionGroupType = wrapper.xcdatamodel;
		};
/* End XCVersionGroup section */
	};
	rootObject = 84AA6F9727A7AFD7003F2047 /* Project object */;
}
